
Microsoft Visual Studio Solution File, Format Version 12.00
# Visual Studio 15
VisualStudioVersion = 15.0.28307.705
MinimumVisualStudioVersion = 10.0.40219.1
Project("{9A19103F-16F7-4668-BE54-9A1E7A4F7556}") = "Fac", "Fac.csproj", "{9D184F2D-9574-45DD-8083-AC5A96CC99AA}"
EndProject
Project("{FAE04EC0-301F-11D3-BF4B-00C04F79EFBC}") = "Fac.Android", "..\Fac.Android\Fac.Android.csproj", "{24CE3C36-16B9-426D-AA0C-5961ECF8D88C}"
EndProject
Project("{FAE04EC0-301F-11D3-BF4B-00C04F79EFBC}") = "Fac.iOS", "..\Fac.iOS\Fac.iOS.csproj", "{ABDA28EA-0664-4B88-B120-690E3E6219AA}"
EndProject
Project("{9A19103F-16F7-4668-BE54-9A1E7A4F7556}") = "Fac.Api", "..\Fac.MobileAppService\Fac.Api.csproj", "{8A59066A-2FA7-49C7-9A60-9312F3551B1C}"
EndProject
Global
	GlobalSection(SolutionConfigurationPlatforms) = preSolution
		Debug|Any CPU = Debug|Any CPU
		Debug|iPhone = Debug|iPhone
		Debug|iPhoneSimulator = Debug|iPhoneSimulator
		Release|Any CPU = Release|Any CPU
		Release|iPhone = Release|iPhone
		Release|iPhoneSimulator = Release|iPhoneSimulator
	EndGlobalSection
	GlobalSection(ProjectConfigurationPlatforms) = postSolution
		{9D184F2D-9574-45DD-8083-AC5A96CC99AA}.Debug|Any CPU.ActiveCfg = Debug|Any CPU
		{9D184F2D-9574-45DD-8083-AC5A96CC99AA}.Debug|Any CPU.Build.0 = Debug|Any CPU
		{9D184F2D-9574-45DD-8083-AC5A96CC99AA}.Debug|iPhone.ActiveCfg = Debug|Any CPU
		{9D184F2D-9574-45DD-8083-AC5A96CC99AA}.Debug|iPhone.Build.0 = Debug|Any CPU
		{9D184F2D-9574-45DD-8083-AC5A96CC99AA}.Debug|iPhoneSimulator.ActiveCfg = Debug|Any CPU
		{9D184F2D-9574-45DD-8083-AC5A96CC99AA}.Debug|iPhoneSimulator.Build.0 = Debug|Any CPU
		{9D184F2D-9574-45DD-8083-AC5A96CC99AA}.Release|Any CPU.ActiveCfg = Release|Any CPU
		{9D184F2D-9574-45DD-8083-AC5A96CC99AA}.Release|Any CPU.Build.0 = Release|Any CPU
		{9D184F2D-9574-45DD-8083-AC5A96CC99AA}.Release|iPhone.ActiveCfg = Release|Any CPU
		{9D184F2D-9574-45DD-8083-AC5A96CC99AA}.Release|iPhone.Build.0 = Release|Any CPU
		{9D184F2D-9574-45DD-8083-AC5A96CC99AA}.Release|iPhoneSimulator.ActiveCfg = Release|Any CPU
		{9D184F2D-9574-45DD-8083-AC5A96CC99AA}.Release|iPhoneSimulator.Build.0 = Release|Any CPU
		{24CE3C36-16B9-426D-AA0C-5961ECF8D88C}.Debug|Any CPU.ActiveCfg = Debug|Any CPU
		{24CE3C36-16B9-426D-AA0C-5961ECF8D88C}.Debug|Any CPU.Build.0 = Debug|Any CPU
		{24CE3C36-16B9-426D-AA0C-5961ECF8D88C}.Debug|Any CPU.Deploy.0 = Debug|Any CPU
		{24CE3C36-16B9-426D-AA0C-5961ECF8D88C}.Debug|iPhone.ActiveCfg = Debug|Any CPU
		{24CE3C36-16B9-426D-AA0C-5961ECF8D88C}.Debug|iPhone.Build.0 = Debug|Any CPU
		{24CE3C36-16B9-426D-AA0C-5961ECF8D88C}.Debug|iPhone.Deploy.0 = Debug|Any CPU
		{24CE3C36-16B9-426D-AA0C-5961ECF8D88C}.Debug|iPhoneSimulator.ActiveCfg = Debug|Any CPU
		{24CE3C36-16B9-426D-AA0C-5961ECF8D88C}.Debug|iPhoneSimulator.Build.0 = Debug|Any CPU
		{24CE3C36-16B9-426D-AA0C-5961ECF8D88C}.Debug|iPhoneSimulator.Deploy.0 = Debug|Any CPU
		{24CE3C36-16B9-426D-AA0C-5961ECF8D88C}.Release|Any CPU.ActiveCfg = Release|Any CPU
		{24CE3C36-16B9-426D-AA0C-5961ECF8D88C}.Release|Any CPU.Build.0 = Release|Any CPU
		{24CE3C36-16B9-426D-AA0C-5961ECF8D88C}.Release|Any CPU.Deploy.0 = Release|Any CPU
		{24CE3C36-16B9-426D-AA0C-5961ECF8D88C}.Release|iPhone.ActiveCfg = Release|Any CPU
		{24CE3C36-16B9-426D-AA0C-5961ECF8D88C}.Release|iPhone.Build.0 = Release|Any CPU
		{24CE3C36-16B9-426D-AA0C-5961ECF8D88C}.Release|iPhone.Deploy.0 = Release|Any CPU
		{24CE3C36-16B9-426D-AA0C-5961ECF8D88C}.Release|iPhoneSimulator.ActiveCfg = Release|Any CPU
		{24CE3C36-16B9-426D-AA0C-5961ECF8D88C}.Release|iPhoneSimulator.Build.0 = Release|Any CPU
		{24CE3C36-16B9-426D-AA0C-5961ECF8D88C}.Release|iPhoneSimulator.Deploy.0 = Release|Any CPU
		{ABDA28EA-0664-4B88-B120-690E3E6219AA}.Debug|Any CPU.ActiveCfg = Debug|iPhone
		{ABDA28EA-0664-4B88-B120-690E3E6219AA}.Debug|iPhone.ActiveCfg = Debug|iPhone
		{ABDA28EA-0664-4B88-B120-690E3E6219AA}.Debug|iPhone.Build.0 = Debug|iPhone
		{ABDA28EA-0664-4B88-B120-690E3E6219AA}.Debug|iPhoneSimulator.ActiveCfg = Debug|iPhoneSimulator
		{ABDA28EA-0664-4B88-B120-690E3E6219AA}.Debug|iPhoneSimulator.Build.0 = Debug|iPhoneSimulator
		{ABDA28EA-0664-4B88-B120-690E3E6219AA}.Release|Any CPU.ActiveCfg = Release|iPhone
		{ABDA28EA-0664-4B88-B120-690E3E6219AA}.Release|iPhone.ActiveCfg = Release|iPhone
		{ABDA28EA-0664-4B88-B120-690E3E6219AA}.Release|iPhone.Build.0 = Release|iPhone
		{ABDA28EA-0664-4B88-B120-690E3E6219AA}.Release|iPhoneSimulator.ActiveCfg = Release|iPhoneSimulator
		{ABDA28EA-0664-4B88-B120-690E3E6219AA}.Release|iPhoneSimulator.Build.0 = Release|iPhoneSimulator
		{8A59066A-2FA7-49C7-9A60-9312F3551B1C}.Debug|Any CPU.ActiveCfg = Debug|Any CPU
		{8A59066A-2FA7-49C7-9A60-9312F3551B1C}.Debug|Any CPU.Build.0 = Debug|Any CPU
		{8A59066A-2FA7-49C7-9A60-9312F3551B1C}.Debug|iPhone.ActiveCfg = Debug|Any CPU
		{8A59066A-2FA7-49C7-9A60-9312F3551B1C}.Debug|iPhone.Build.0 = Debug|Any CPU
		{8A59066A-2FA7-49C7-9A60-9312F3551B1C}.Debug|iPhoneSimulator.ActiveCfg = Debug|Any CPU
		{8A59066A-2FA7-49C7-9A60-9312F3551B1C}.Debug|iPhoneSimulator.Build.0 = Debug|Any CPU
		{8A59066A-2FA7-49C7-9A60-9312F3551B1C}.Release|Any CPU.ActiveCfg = Release|Any CPU
		{8A59066A-2FA7-49C7-9A60-9312F3551B1C}.Release|Any CPU.Build.0 = Release|Any CPU
		{8A59066A-2FA7-49C7-9A60-9312F3551B1C}.Release|iPhone.ActiveCfg = Release|Any CPU
		{8A59066A-2FA7-49C7-9A60-9312F3551B1C}.Release|iPhone.Build.0 = Release|Any CPU
		{8A59066A-2FA7-49C7-9A60-9312F3551B1C}.Release|iPhoneSimulator.ActiveCfg = Release|Any CPU
		{8A59066A-2FA7-49C7-9A60-9312F3551B1C}.Release|iPhoneSimulator.Build.0 = Release|Any CPU
	EndGlobalSection
	GlobalSection(SolutionProperties) = preSolution
		HideSolutionNode = FALSE
	EndGlobalSection
	GlobalSection(ExtensibilityGlobals) = postSolution
		SolutionGuid = {9D83617B-12DC-4D8A-869C-10FCA6671971}
	EndGlobalSection
EndGlobal
